<?xml version="1.0" encoding="utf-8"?>
<Project ToolsVersion="4.0" xmlns="http://schemas.microsoft.com/developer/msbuild/2003">
  <ItemGroup>
    <Filter Include="源文件">
      <UniqueIdentifier>{4FC737F1-C7A5-4376-A066-2A32D752A2FF}</UniqueIdentifier>
      <Extensions>cpp;c;cc;cxx;def;odl;idl;hpj;bat;asm;asmx</Extensions>
    </Filter>
    <Filter Include="头文件">
      <UniqueIdentifier>{93995380-89BD-4b04-88EB-625FBE52EBFB}</UniqueIdentifier>
      <Extensions>h;hh;hpp;hxx;hm;inl;inc;ipp;xsd</Extensions>
    </Filter>
    <Filter Include="资源文件">
      <UniqueIdentifier>{67DA6AB6-F800-4c08-8B7A-83BB121AAD01}</UniqueIdentifier>
      <Extensions>rc;ico;cur;bmp;dlg;rc2;rct;bin;rgs;gif;jpg;jpeg;jpe;resx;tiff;tif;png;wav;mfcribbon-ms</Extensions>
    </Filter>
  </ItemGroup>
  <ItemGroup>
    <ClCompile Include="一个简单的程序.c">
      <Filter>源文件</Filter>
    </ClCompile>
    <ClCompile Include="类型决定指针操作.c">
      <Filter>源文件</Filter>
    </ClCompile>
    <ClCompile Include="二级指针.c">
      <Filter>源文件</Filter>
    </ClCompile>
    <ClCompile Include="指针遍历一维数组.c">
      <Filter>源文件</Filter>
    </ClCompile>
    <ClCompile Include="指针与下标运算.c">
      <Filter>源文件</Filter>
    </ClCompile>
    <ClCompile Include="指针与下标运算 深入.c">
      <Filter>源文件</Filter>
    </ClCompile>
    <ClCompile Include="指针数组.c">
      <Filter>源文件</Filter>
    </ClCompile>
    <ClCompile Include="简单数组的拉链结构.c">
      <Filter>源文件</Filter>
    </ClCompile>
    <ClCompile Include="数组指针.c">
      <Filter>源文件</Filter>
    </ClCompile>
    <ClCompile Include="二维数组与指针.c">
      <Filter>源文件</Filter>
    </ClCompile>
    <ClCompile Include="利用指针遍历二维数组.c">
      <Filter>源文件</Filter>
    </ClCompile>
    <ClCompile Include="指针的大小.c">
      <Filter>源文件</Filter>
    </ClCompile>
    <ClCompile Include="栈区大小.c">
      <Filter>源文件</Filter>
    </ClCompile>
    <ClCompile Include="malloc.c">
      <Filter>源文件</Filter>
    </ClCompile>
    <ClCompile Include="size_t.c">
      <Filter>源文件</Filter>
    </ClCompile>
    <ClCompile Include="malloc注意点.c">
      <Filter>源文件</Filter>
    </ClCompile>
    <ClCompile Include="free.c">
      <Filter>源文件</Filter>
    </ClCompile>
    <ClCompile Include="malloc一维数组.c">
      <Filter>源文件</Filter>
    </ClCompile>
    <ClCompile Include="一位数组指针与二维数组指针.c">
      <Filter>源文件</Filter>
    </ClCompile>
    <ClCompile Include="calloc.c">
      <Filter>源文件</Filter>
    </ClCompile>
    <ClCompile Include="realloc.c">
      <Filter>源文件</Filter>
    </ClCompile>
    <ClCompile Include="数据类型测试.c">
      <Filter>源文件</Filter>
    </ClCompile>
    <ClCompile Include="海岛奇兵小算法.c">
      <Filter>源文件</Filter>
    </ClCompile>
    <ClCompile Include="数据类型编程练习.c">
      <Filter>源文件</Filter>
    </ClCompile>
    <ClCompile Include="循环编程练习及测试.c">
      <Filter>源文件</Filter>
    </ClCompile>
    <ClCompile Include="测试.c">
      <Filter>源文件</Filter>
    </ClCompile>
    <ClCompile Include="函数的概念及意义.c">
      <Filter>源文件</Filter>
    </ClCompile>
    <ClCompile Include="无参数无返回值.c">
      <Filter>源文件</Filter>
    </ClCompile>
    <ClCompile Include="无参数有返回值.c">
      <Filter>源文件</Filter>
    </ClCompile>
    <ClCompile Include="return详解.c">
      <Filter>源文件</Filter>
    </ClCompile>
    <ClCompile Include="有参数无返回值函数.c">
      <Filter>源文件</Filter>
    </ClCompile>
    <ClCompile Include="通过参数修改外部的值.c">
      <Filter>源文件</Filter>
    </ClCompile>
    <ClCompile Include="通过函数修改指针变量的值.c">
      <Filter>源文件</Filter>
    </ClCompile>
    <ClCompile Include="交换两个变量的值.c">
      <Filter>源文件</Filter>
    </ClCompile>
    <ClCompile Include="一维数组做参数.c">
      <Filter>源文件</Filter>
    </ClCompile>
    <ClCompile Include="二维数组做形参.c">
      <Filter>源文件</Filter>
    </ClCompile>
    <ClCompile Include="有参数有返回值的函数.c">
      <Filter>源文件</Filter>
    </ClCompile>
    <ClCompile Include="递归函数对比循环理解一.c">
      <Filter>源文件</Filter>
    </ClCompile>
    <ClCompile Include="参数个数不确定的函数.c">
      <Filter>源文件</Filter>
    </ClCompile>
    <ClCompile Include="scanf与输入缓冲区.c">
      <Filter>源文件</Filter>
    </ClCompile>
    <ClCompile Include="scanf_s,getchar,_getch.c">
      <Filter>源文件</Filter>
    </ClCompile>
    <ClCompile Include="字符数组.c">
      <Filter>源文件</Filter>
    </ClCompile>
    <ClCompile Include="字符串.c">
      <Filter>源文件</Filter>
    </ClCompile>
    <ClCompile Include="常量字符串初始化字符数组.c">
      <Filter>源文件</Filter>
    </ClCompile>
    <ClCompile Include="字符数组的赋值.c">
      <Filter>源文件</Filter>
    </ClCompile>
    <ClCompile Include="strcpy_s,starncpy,strncpy_s.c">
      <Filter>源文件</Filter>
    </ClCompile>
    <ClCompile Include="字符串的输入.c">
      <Filter>源文件</Filter>
    </ClCompile>
    <ClCompile Include="汉字与字符.c">
      <Filter>源文件</Filter>
    </ClCompile>
    <ClCompile Include="strlen,strcmp.c">
      <Filter>源文件</Filter>
    </ClCompile>
    <ClCompile Include="strcat,itoa,atoi,spintf.c">
      <Filter>源文件</Filter>
    </ClCompile>
    <ClCompile Include="转义字符和转换说明符.c">
      <Filter>源文件</Filter>
    </ClCompile>
    <ClCompile Include="大小写字母转换,.c">
      <Filter>源文件</Filter>
    </ClCompile>
    <ClCompile Include="字符串数组和二维字符数组.c">
      <Filter>源文件</Filter>
    </ClCompile>
    <ClCompile Include="声明结构体.c">
      <Filter>源文件</Filter>
    </ClCompile>
    <ClCompile Include="结构体类型变量的声明与定义.c">
      <Filter>源文件</Filter>
    </ClCompile>
    <ClCompile Include="结构体取成员运算符.c">
      <Filter>源文件</Filter>
    </ClCompile>
    <ClCompile Include="指针成员和函数成员.c">
      <Filter>源文件</Filter>
    </ClCompile>
    <ClCompile Include="结构体嵌套.c">
      <Filter>源文件</Filter>
    </ClCompile>
    <ClCompile Include="结构体数组.c">
      <Filter>源文件</Filter>
    </ClCompile>
    <ClCompile Include="内存对齐.c">
      <Filter>源文件</Filter>
    </ClCompile>
    <ClCompile Include="联合union.c">
      <Filter>源文件</Filter>
    </ClCompile>
    <ClCompile Include="枚举的声明和意义.c">
      <Filter>源文件</Filter>
    </ClCompile>
    <ClCompile Include="枚举的大小.c">
      <Filter>源文件</Filter>
    </ClCompile>
    <ClCompile Include="显式类型转换简介.c">
      <Filter>源文件</Filter>
    </ClCompile>
    <ClCompile Include="指针的强制类型转换.c">
      <Filter>源文件</Filter>
    </ClCompile>
    <ClCompile Include="大小端存储的区别.c">
      <Filter>源文件</Filter>
    </ClCompile>
    <ClCompile Include="typedef.c">
      <Filter>源文件</Filter>
    </ClCompile>
    <ClCompile Include="宏define简介.c">
      <Filter>源文件</Filter>
    </ClCompile>
    <ClCompile Include="参数宏.c">
      <Filter>源文件</Filter>
    </ClCompile>
    <ClCompile Include="命令行参数.c">
      <Filter>源文件</Filter>
    </ClCompile>
    <ClCompile Include="随机数.c">
      <Filter>源文件</Filter>
    </ClCompile>
    <ClCompile Include="位运算符.c">
      <Filter>源文件</Filter>
    </ClCompile>
    <ClCompile Include="fopen.c">
      <Filter>源文件</Filter>
    </ClCompile>
    <ClCompile Include="文本模式和二进制模式.c">
      <Filter>源文件</Filter>
    </ClCompile>
    <ClCompile Include="fwrite.c">
      <Filter>源文件</Filter>
    </ClCompile>
    <ClCompile Include="fread.c">
      <Filter>源文件</Filter>
    </ClCompile>
    <ClCompile Include="贪吃蛇.c">
      <Filter>源文件</Filter>
    </ClCompile>
    <ClCompile Include="C语言知识点总结1.c">
      <Filter>源文件</Filter>
    </ClCompile>
    <ClCompile Include="指针知识点总结.c">
      <Filter>源文件</Filter>
    </ClCompile>
    <ClCompile Include="指针测试.c">
      <Filter>源文件</Filter>
    </ClCompile>
    <ClCompile Include="数据结构与算法测试.c">
      <Filter>源文件</Filter>
    </ClCompile>
    <ClCompile Include="第十四章：结构与其他数据形式.c">
      <Filter>源文件</Filter>
    </ClCompile>
    <ClCompile Include="第四章：字符串的格式化输入输出.c">
      <Filter>源文件</Filter>
    </ClCompile>
    <ClCompile Include="第十二章测试.c">
      <Filter>源文件</Filter>
    </ClCompile>
    <ClCompile Include="第九章函数测试.c">
      <Filter>源文件</Filter>
    </ClCompile>
    <ClCompile Include="第十一章字符串与字符串函数.c">
      <Filter>源文件</Filter>
    </ClCompile>
    <ClCompile Include="可变数组.c">
      <Filter>源文件</Filter>
    </ClCompile>
    <ClCompile Include="链表.c">
      <Filter>源文件</Filter>
    </ClCompile>
  </ItemGroup>
  <ItemGroup>
    <ClInclude Include="node.h">
      <Filter>头文件</Filter>
    </ClInclude>
  </ItemGroup>
</Project>